
Microsoft Visual Studio Solution File, Format Version 12.00
# Visual Studio Version 17
VisualStudioVersion = 17.9.34407.89
MinimumVisualStudioVersion = 10.0.40219.1
Project("{FAE04EC0-301F-11D3-BF4B-00C04F79EFBC}") = "UDPChatWinForms", "UDPChatWinForms\UDPChatWinForms.csproj", "{28972367-22AF-4963-86AA-BBFBC7853C17}"
EndProject
Global
	GlobalSection(SolutionConfigurationPlatforms) = preSolution
		Debug|Any CPU = Debug|Any CPU
		Release|Any CPU = Release|Any CPU
	EndGlobalSection
	GlobalSection(ProjectConfigurationPlatforms) = postSolution
		{28972367-22AF-4963-86AA-BBFBC7853C17}.Debug|Any CPU.ActiveCfg = Debug|Any CPU
		{28972367-22AF-4963-86AA-BBFBC7853C17}.Debug|Any CPU.Build.0 = Debug|Any CPU
		{28972367-22AF-4963-86AA-BBFBC7853C17}.Release|Any CPU.ActiveCfg = Release|Any CPU
		{28972367-22AF-4963-86AA-BBFBC7853C17}.Release|Any CPU.Build.0 = Release|Any CPU
	EndGlobalSection
	GlobalSection(SolutionProperties) = preSolution
		HideSolutionNode = FALSE
	EndGlobalSection
EndGlobal
